
Microsoft Visual Studio Solution File, Format Version 12.00
# Visual Studio Version 16
VisualStudioVersion = 16.0.31911.196
MinimumVisualStudioVersion = 10.0.40219.1
Project("{FAE04EC0-301F-11D3-BF4B-00C04F79EFBC}") = "Disc-Play", "Disc-Play.csproj", "{BE63C98C-8C3D-4643-8E25-3D29CCF0A18E}"
EndProject
Global
	GlobalSection(SolutionConfigurationPlatforms) = preSolution
		Debug|Any CPU = Debug|Any CPU
		Release|Any CPU = Release|Any CPU
	EndGlobalSection
	GlobalSection(ProjectConfigurationPlatforms) = postSolution
		{BE63C98C-8C3D-4643-8E25-3D29CCF0A18E}.Debug|Any CPU.ActiveCfg = Debug|Any CPU
		{BE63C98C-8C3D-4643-8E25-3D29CCF0A18E}.Debug|Any CPU.Build.0 = Debug|Any CPU
		{BE63C98C-8C3D-4643-8E25-3D29CCF0A18E}.Release|Any CPU.ActiveCfg = Release|Any CPU
		{BE63C98C-8C3D-4643-8E25-3D29CCF0A18E}.Release|Any CPU.Build.0 = Release|Any CPU
	EndGlobalSection
	GlobalSection(SolutionProperties) = preSolution
		HideSolutionNode = FALSE
	EndGlobalSection
	GlobalSection(ExtensibilityGlobals) = postSolution
		SolutionGuid = {CC0711FC-F2E5-46C7-98FF-30BCB6D31412}
	EndGlobalSection
EndGlobal
